
Microsoft Visual Studio Solution File, Format Version 12.00
# Visual Studio Version 17
VisualStudioVersion = 17.9.34622.214
MinimumVisualStudioVersion = 10.0.40219.1
Project("{FAE04EC0-301F-11D3-BF4B-00C04F79EFBC}") = "JWTAccessManager", "JWTAccessManager.csproj", "{535479DB-4E33-42E5-98D8-AF27EF7D7199}"
EndProject
Global
	GlobalSection(SolutionConfigurationPlatforms) = preSolution
		Debug|Any CPU = Debug|Any CPU
		Release|Any CPU = Release|Any CPU
	EndGlobalSection
	GlobalSection(ProjectConfigurationPlatforms) = postSolution
		{535479DB-4E33-42E5-98D8-AF27EF7D7199}.Debug|Any CPU.ActiveCfg = Debug|Any CPU
		{535479DB-4E33-42E5-98D8-AF27EF7D7199}.Debug|Any CPU.Build.0 = Debug|Any CPU
		{535479DB-4E33-42E5-98D8-AF27EF7D7199}.Release|Any CPU.ActiveCfg = Release|Any CPU
		{535479DB-4E33-42E5-98D8-AF27EF7D7199}.Release|Any CPU.Build.0 = Release|Any CPU
	EndGlobalSection
	GlobalSection(SolutionProperties) = preSolution
		HideSolutionNode = FALSE
	EndGlobalSection
	GlobalSection(ExtensibilityGlobals) = postSolution
		SolutionGuid = {7F8F8A25-E04D-421D-95F2-CFE81DBE4371}
	EndGlobalSection
EndGlobal
